PODS:
  - Masonry (0.6.4)
  - PDSSetting_objc (0.0.1)

DEPENDENCIES:
  - Masonry
  - PDSSetting_objc (from `https://github.com/w91379137/PDSSetting_objc.git`)

EXTERNAL SOURCES:
  PDSSetting_objc:
    :git: https://github.com/w91379137/PDSSetting_objc.git

CHECKOUT OPTIONS:
  PDSSetting_objc:
    :commit: d5d6861a90d8eeb18ca95a886ad64df95fb60b0f
    :git: https://github.com/w91379137/PDSSetting_objc.git

SPEC CHECKSUMS:
  Masonry: 281802d04d787ea2973179ee8bcb50500579ede2
  PDSSetting_objc: db49d962b3ccd35aef38e4933ee6dbfede606b34

COCOAPODS: 0.39.0
