// !$*UTF8*$!
{
	archiveVersion = 1;
	classes = {
	};
	objectVersion = 46;
	objects = {

/* Begin PBXBuildFile section */
		3AD842A50C8E05551A1C803E /* libPods.a in Frameworks */ = {isa = PBXBuildFile; fileRef = 9B1E0C205E70D35483F9C288 /* libPods.a */; };
		A702CF801EABE2D31665F994 /* libPods.a in Frameworks */ = {isa = PBXBuildFile; fileRef = 9B1E0C205E70D35483F9C288 /* libPods.a */; };
		F84043171CB30B260011C957 /* PDSSafeKVO_objcDemoTests.m in Sources */ = {isa = PBXBuildFile; fileRef = F84043161CB30B260011C957 /* PDSSafeKVO_objcDemoTests.m */; };
		F840435F1CB30DC30011C957 /* TestPropertyObject.m in Sources */ = {isa = PBXBuildFile; fileRef = F840435E1CB30DC30011C957 /* TestPropertyObject.m */; };
		F85AE74C1CADC05C00AE507A /* LocalizeViewController.m in Sources */ = {isa = PBXBuildFile; fileRef = F85AE74A1CADC05C00AE507A /* LocalizeViewController.m */; };
		F85AE74D1CADC05C00AE507A /* LocalizeViewController.xib in Resources */ = {isa = PBXBuildFile; fileRef = F85AE74B1CADC05C00AE507A /* LocalizeViewController.xib */; };
		F85AE75E1CADC65C00AE507A /* LanguageCenter.m in Sources */ = {isa = PBXBuildFile; fileRef = F85AE7591CADC65C00AE507A /* LanguageCenter.m */; };
		F85AE7601CADC65C00AE507A /* UILabel+Language.m in Sources */ = {isa = PBXBuildFile; fileRef = F85AE75D1CADC65C00AE507A /* UILabel+Language.m */; };
		F85AE7621CADCC1500AE507A /* 多國語言 - 工作表1.csv in Resources */ = {isa = PBXBuildFile; fileRef = F85AE7611CADCC1500AE507A /* 多國語言 - 工作表1.csv */; };
		F85AE7651CADD2D000AE507A /* TranslationElement.m in Sources */ = {isa = PBXBuildFile; fileRef = F85AE7641CADD2D000AE507A /* TranslationElement.m */; };
		F85EB31E1CAC6536002E9E54 /* ButtonConnectController.m in Sources */ = {isa = PBXBuildFile; fileRef = F85EB31C1CAC6536002E9E54 /* ButtonConnectController.m */; };
		F85EB31F1CAC6536002E9E54 /* ButtonConnectController.xib in Resources */ = {isa = PBXBuildFile; fileRef = F85EB31D1CAC6536002E9E54 /* ButtonConnectController.xib */; };
		F85EB3221CAC6542002E9E54 /* UIButton+Connect.m in Sources */ = {isa = PBXBuildFile; fileRef = F85EB3211CAC6542002E9E54 /* UIButton+Connect.m */; };
		F85EB3251CAC657A002E9E54 /* 20140916105724.png in Resources */ = {isa = PBXBuildFile; fileRef = F85EB3241CAC657A002E9E54 /* 20140916105724.png */; };
		F85EB3291CAC658B002E9E54 /* MainViewController.m in Sources */ = {isa = PBXBuildFile; fileRef = F85EB3271CAC658B002E9E54 /* MainViewController.m */; };
		F85EB32A1CAC658B002E9E54 /* MainViewController.xib in Resources */ = {isa = PBXBuildFile; fileRef = F85EB3281CAC658B002E9E54 /* MainViewController.xib */; };
		F85EB3301CAC6E5D002E9E54 /* PullViewViewController.m in Sources */ = {isa = PBXBuildFile; fileRef = F85EB32E1CAC6E5D002E9E54 /* PullViewViewController.m */; };
		F85EB3311CAC6E5D002E9E54 /* PullViewViewController.xib in Resources */ = {isa = PBXBuildFile; fileRef = F85EB32F1CAC6E5D002E9E54 /* PullViewViewController.xib */; };
		F876D7061C85D0AD0023BF08 /* main.m in Sources */ = {isa = PBXBuildFile; fileRef = F876D7051C85D0AD0023BF08 /* main.m */; };
		F876D7091C85D0AD0023BF08 /* AppDelegate.m in Sources */ = {isa = PBXBuildFile; fileRef = F876D7081C85D0AD0023BF08 /* AppDelegate.m */; };
		F876D7111C85D0AD0023BF08 /* Assets.xcassets in Resources */ = {isa = PBXBuildFile; fileRef = F876D7101C85D0AD0023BF08 /* Assets.xcassets */; };
		F876D7141C85D0AD0023BF08 /* LaunchScreen.storyboard in Resources */ = {isa = PBXBuildFile; fileRef = F876D7121C85D0AD0023BF08 /* LaunchScreen.storyboard */; };
		F8B0DEC51CA69FF300E42329 /* NSObject+PDSSafeKVO.m in Sources */ = {isa = PBXBuildFile; fileRef = F8B0DEBF1CA69FF300E42329 /* NSObject+PDSSafeKVO.m */; };
		F8B0DEC61CA69FF300E42329 /* PDSKVOOption.m in Sources */ = {isa = PBXBuildFile; fileRef = F8B0DEC11CA69FF300E42329 /* PDSKVOOption.m */; };
		F8B0DEC71CA69FF300E42329 /* PDSKVORecord.m in Sources */ = {isa = PBXBuildFile; fileRef = F8B0DEC31CA69FF300E42329 /* PDSKVORecord.m */; };
		F8B9762B1CBA462100F0C539 /* ParallaxScrollingViewController.m in Sources */ = {isa = PBXBuildFile; fileRef = F8B976291CBA462100F0C539 /* ParallaxScrollingViewController.m */; };
		F8B9762C1CBA462100F0C539 /* ParallaxScrollingViewController.xib in Resources */ = {isa = PBXBuildFile; fileRef = F8B9762A1CBA462100F0C539 /* ParallaxScrollingViewController.xib */; };
		F8B9762F1CBA465400F0C539 /* image000.jpg in Resources */ = {isa = PBXBuildFile; fileRef = F8B9762D1CBA465400F0C539 /* image000.jpg */; };
		F8B976301CBA465400F0C539 /* image001.jpg in Resources */ = {isa = PBXBuildFile; fileRef = F8B9762E1CBA465400F0C539 /* image001.jpg */; };
		F8B976341CBA468400F0C539 /* ParallaxScrollingTableViewCell.m in Sources */ = {isa = PBXBuildFile; fileRef = F8B976321CBA468400F0C539 /* ParallaxScrollingTableViewCell.m */; };
		F8B976351CBA468400F0C539 /* ParallaxScrollingTableViewCell.xib in Resources */ = {isa = PBXBuildFile; fileRef = F8B976331CBA468400F0C539 /* ParallaxScrollingTableViewCell.xib */; };
/* End PBXBuildFile section */

/* Begin PBXContainerItemProxy section */
		F84043191CB30B260011C957 /* PBXContainerItemProxy */ = {
			isa = PBXContainerItemProxy;
			containerPortal = F876D6F91C85D0AD0023BF08 /* Project object */;
			proxyType = 1;
			remoteGlobalIDString = F876D7001C85D0AD0023BF08;
			remoteInfo = PDSSafeKVO_objcDemo;
		};
/* End PBXContainerItemProxy section */

/* Begin PBXFileReference section */
		6E975F8CC31CBB846A53F135 /* Pods.release.xcconfig */ = {isa = PBXFileReference; includeInIndex = 1; lastKnownFileType = text.xcconfig; name = Pods.release.xcconfig; path = "Pods/Target Support Files/Pods/Pods.release.xcconfig"; sourceTree = "<group>"; };
		9B1E0C205E70D35483F9C288 /* libPods.a */ = {isa = PBXFileReference; explicitFileType = archive.ar; includeInIndex = 0; path = libPods.a; sourceTree = BUILT_PRODUCTS_DIR; };
		ADB07C1DAA89717970502203 /* Pods.debug.xcconfig */ = {isa = PBXFileReference; includeInIndex = 1; lastKnownFileType = text.xcconfig; name = Pods.debug.xcconfig; path = "Pods/Target Support Files/Pods/Pods.debug.xcconfig"; sourceTree = "<group>"; };
		F84043141CB30B260011C957 /* PDSSafeKVO_objcDemoTests.xctest */ = {isa = PBXFileReference; explicitFileType = wrapper.cfbundle; includeInIndex = 0; path = PDSSafeKVO_objcDemoTests.xctest; sourceTree = BUILT_PRODUCTS_DIR; };
		F84043161CB30B260011C957 /* PDSSafeKVO_objcDemoTests.m */ = {isa = PBXFileReference; lastKnownFileType = sourcecode.c.objc; path = PDSSafeKVO_objcDemoTests.m; sourceTree = "<group>"; };
		F84043181CB30B260011C957 /* Info.plist */ = {isa = PBXFileReference; lastKnownFileType = text.plist.xml; path = Info.plist; sourceTree = "<group>"; };
		F840435D1CB30DC30011C957 /* TestPropertyObject.h */ = {isa = PBXFileReference; fileEncoding = 4; lastKnownFileType = sourcecode.c.h; path = TestPropertyObject.h; sourceTree = "<group>"; };
		F840435E1CB30DC30011C957 /* TestPropertyObject.m */ = {isa = PBXFileReference; fileEncoding = 4; lastKnownFileType = sourcecode.c.objc; path = TestPropertyObject.m; sourceTree = "<group>"; };
		F85AE7471CAD7E8E00AE507A /* PrefixHeader.pch */ = {isa = PBXFileReference; lastKnownFileType = sourcecode.c.h; path = PrefixHeader.pch; sourceTree = "<group>"; };
		F85AE7491CADC05C00AE507A /* LocalizeViewController.h */ = {isa = PBXFileReference; fileEncoding = 4; lastKnownFileType = sourcecode.c.h; path = LocalizeViewController.h; sourceTree = "<group>"; };
		F85AE74A1CADC05C00AE507A /* LocalizeViewController.m */ = {isa = PBXFileReference; fileEncoding = 4; lastKnownFileType = sourcecode.c.objc; path = LocalizeViewController.m; sourceTree = "<group>"; };
		F85AE74B1CADC05C00AE507A /* LocalizeViewController.xib */ = {isa = PBXFileReference; fileEncoding = 4; lastKnownFileType = file.xib; path = LocalizeViewController.xib; sourceTree = "<group>"; };
		F85AE7581CADC65C00AE507A /* LanguageCenter.h */ = {isa = PBXFileReference; fileEncoding = 4; lastKnownFileType = sourcecode.c.h; path = LanguageCenter.h; sourceTree = "<group>"; };
		F85AE7591CADC65C00AE507A /* LanguageCenter.m */ = {isa = PBXFileReference; fileEncoding = 4; lastKnownFileType = sourcecode.c.objc; path = LanguageCenter.m; sourceTree = "<group>"; };
		F85AE75C1CADC65C00AE507A /* UILabel+Language.h */ = {isa = PBXFileReference; fileEncoding = 4; lastKnownFileType = sourcecode.c.h; path = "UILabel+Language.h"; sourceTree = "<group>"; };
		F85AE75D1CADC65C00AE507A /* UILabel+Language.m */ = {isa = PBXFileReference; fileEncoding = 4; lastKnownFileType = sourcecode.c.objc; path = "UILabel+Language.m"; sourceTree = "<group>"; };
		F85AE7611CADCC1500AE507A /* 多國語言 - 工作表1.csv */ = {isa = PBXFileReference; fileEncoding = 4; lastKnownFileType = text; path = "多國語言 - 工作表1.csv"; sourceTree = "<group>"; };
		F85AE7631CADD2D000AE507A /* TranslationElement.h */ = {isa = PBXFileReference; fileEncoding = 4; lastKnownFileType = sourcecode.c.h; path = TranslationElement.h; sourceTree = "<group>"; };
		F85AE7641CADD2D000AE507A /* TranslationElement.m */ = {isa = PBXFileReference; fileEncoding = 4; lastKnownFileType = sourcecode.c.objc; path = TranslationElement.m; sourceTree = "<group>"; };
		F85EB31B1CAC6536002E9E54 /* ButtonConnectController.h */ = {isa = PBXFileReference; fileEncoding = 4; lastKnownFileType = sourcecode.c.h; path = ButtonConnectController.h; sourceTree = "<group>"; };
		F85EB31C1CAC6536002E9E54 /* ButtonConnectController.m */ = {isa = PBXFileReference; fileEncoding = 4; lastKnownFileType = sourcecode.c.objc; path = ButtonConnectController.m; sourceTree = "<group>"; };
		F85EB31D1CAC6536002E9E54 /* ButtonConnectController.xib */ = {isa = PBXFileReference; fileEncoding = 4; lastKnownFileType = file.xib; path = ButtonConnectController.xib; sourceTree = "<group>"; };
		F85EB3201CAC6542002E9E54 /* UIButton+Connect.h */ = {isa = PBXFileReference; fileEncoding = 4; lastKnownFileType = sourcecode.c.h; path = "UIButton+Connect.h"; sourceTree = "<group>"; };
		F85EB3211CAC6542002E9E54 /* UIButton+Connect.m */ = {isa = PBXFileReference; fileEncoding = 4; lastKnownFileType = sourcecode.c.objc; path = "UIButton+Connect.m"; sourceTree = "<group>"; };
		F85EB3241CAC657A002E9E54 /* 20140916105724.png */ = {isa = PBXFileReference; lastKnownFileType = image.png; path = 20140916105724.png; sourceTree = "<group>"; };
		F85EB3261CAC658B002E9E54 /* MainViewController.h */ = {isa = PBXFileReference; fileEncoding = 4; lastKnownFileType = sourcecode.c.h; path = MainViewController.h; sourceTree = "<group>"; };
		F85EB3271CAC658B002E9E54 /* MainViewController.m */ = {isa = PBXFileReference; fileEncoding = 4; lastKnownFileType = sourcecode.c.objc; path = MainViewController.m; sourceTree = "<group>"; };
		F85EB3281CAC658B002E9E54 /* MainViewController.xib */ = {isa = PBXFileReference; fileEncoding = 4; lastKnownFileType = file.xib; path = MainViewController.xib; sourceTree = "<group>"; };
		F85EB32D1CAC6E5D002E9E54 /* PullViewViewController.h */ = {isa = PBXFileReference; fileEncoding = 4; lastKnownFileType = sourcecode.c.h; path = PullViewViewController.h; sourceTree = "<group>"; };
		F85EB32E1CAC6E5D002E9E54 /* PullViewViewController.m */ = {isa = PBXFileReference; fileEncoding = 4; lastKnownFileType = sourcecode.c.objc; path = PullViewViewController.m; sourceTree = "<group>"; };
		F85EB32F1CAC6E5D002E9E54 /* PullViewViewController.xib */ = {isa = PBXFileReference; fileEncoding = 4; lastKnownFileType = file.xib; path = PullViewViewController.xib; sourceTree = "<group>"; };
		F876D7011C85D0AD0023BF08 /* PDSSafeKVO_objcDemo.app */ = {isa = PBXFileReference; explicitFileType = wrapper.application; includeInIndex = 0; path = PDSSafeKVO_objcDemo.app; sourceTree = BUILT_PRODUCTS_DIR; };
		F876D7051C85D0AD0023BF08 /* main.m */ = {isa = PBXFileReference; lastKnownFileType = sourcecode.c.objc; path = main.m; sourceTree = "<group>"; };
		F876D7071C85D0AD0023BF08 /* AppDelegate.h */ = {isa = PBXFileReference; lastKnownFileType = sourcecode.c.h; path = AppDelegate.h; sourceTree = "<group>"; };
		F876D7081C85D0AD0023BF08 /* AppDelegate.m */ = {isa = PBXFileReference; lastKnownFileType = sourcecode.c.objc; path = AppDelegate.m; sourceTree = "<group>"; };
		F876D7101C85D0AD0023BF08 /* Assets.xcassets */ = {isa = PBXFileReference; lastKnownFileType = folder.assetcatalog; path = Assets.xcassets; sourceTree = "<group>"; };
		F876D7131C85D0AD0023BF08 /* Base */ = {isa = PBXFileReference; lastKnownFileType = file.storyboard; name = Base; path = Base.lproj/LaunchScreen.storyboard; sourceTree = "<group>"; };
		F876D7151C85D0AD0023BF08 /* Info.plist */ = {isa = PBXFileReference; lastKnownFileType = text.plist.xml; path = Info.plist; sourceTree = "<group>"; };
		F8B0DEBE1CA69FF300E42329 /* NSObject+PDSSafeKVO.h */ = {isa = PBXFileReference; fileEncoding = 4; lastKnownFileType = sourcecode.c.h; path = "NSObject+PDSSafeKVO.h"; sourceTree = "<group>"; };
		F8B0DEBF1CA69FF300E42329 /* NSObject+PDSSafeKVO.m */ = {isa = PBXFileReference; fileEncoding = 4; lastKnownFileType = sourcecode.c.objc; path = "NSObject+PDSSafeKVO.m"; sourceTree = "<group>"; };
		F8B0DEC01CA69FF300E42329 /* PDSKVOOption.h */ = {isa = PBXFileReference; fileEncoding = 4; lastKnownFileType = sourcecode.c.h; path = PDSKVOOption.h; sourceTree = "<group>"; };
		F8B0DEC11CA69FF300E42329 /* PDSKVOOption.m */ = {isa = PBXFileReference; fileEncoding = 4; lastKnownFileType = sourcecode.c.objc; path = PDSKVOOption.m; sourceTree = "<group>"; };
		F8B0DEC21CA69FF300E42329 /* PDSKVORecord.h */ = {isa = PBXFileReference; fileEncoding = 4; lastKnownFileType = sourcecode.c.h; path = PDSKVORecord.h; sourceTree = "<group>"; };
		F8B0DEC31CA69FF300E42329 /* PDSKVORecord.m */ = {isa = PBXFileReference; fileEncoding = 4; lastKnownFileType = sourcecode.c.objc; path = PDSKVORecord.m; sourceTree = "<group>"; };
		F8B0DEC41CA69FF300E42329 /* PDSSafeKVO_objc.h */ = {isa = PBXFileReference; fileEncoding = 4; lastKnownFileType = sourcecode.c.h; path = PDSSafeKVO_objc.h; sourceTree = "<group>"; };
		F8B976281CBA462100F0C539 /* ParallaxScrollingViewController.h */ = {isa = PBXFileReference; fileEncoding = 4; lastKnownFileType = sourcecode.c.h; path = ParallaxScrollingViewController.h; sourceTree = "<group>"; };
		F8B976291CBA462100F0C539 /* ParallaxScrollingViewController.m */ = {isa = PBXFileReference; fileEncoding = 4; lastKnownFileType = sourcecode.c.objc; path = ParallaxScrollingViewController.m; sourceTree = "<group>"; };
		F8B9762A1CBA462100F0C539 /* ParallaxScrollingViewController.xib */ = {isa = PBXFileReference; fileEncoding = 4; lastKnownFileType = file.xib; path = ParallaxScrollingViewController.xib; sourceTree = "<group>"; };
		F8B9762D1CBA465400F0C539 /* image000.jpg */ = {isa = PBXFileReference; lastKnownFileType = image.jpeg; path = image000.jpg; sourceTree = "<group>"; };
		F8B9762E1CBA465400F0C539 /* image001.jpg */ = {isa = PBXFileReference; lastKnownFileType = image.jpeg; path = image001.jpg; sourceTree = "<group>"; };
		F8B976311CBA468400F0C539 /* ParallaxScrollingTableViewCell.h */ = {isa = PBXFileReference; fileEncoding = 4; lastKnownFileType = sourcecode.c.h; path = ParallaxScrollingTableViewCell.h; sourceTree = "<group>"; };
		F8B976321CBA468400F0C539 /* ParallaxScrollingTableViewCell.m */ = {isa = PBXFileReference; fileEncoding = 4; lastKnownFileType = sourcecode.c.objc; path = ParallaxScrollingTableViewCell.m; sourceTree = "<group>"; };
		F8B976331CBA468400F0C539 /* ParallaxScrollingTableViewCell.xib */ = {isa = PBXFileReference; fileEncoding = 4; lastKnownFileType = file.xib; path = ParallaxScrollingTableViewCell.xib; sourceTree = "<group>"; };
/* End PBXFileReference section */

/* Begin PBXFrameworksBuildPhase section */
		F84043111CB30B260011C957 /* Frameworks */ = {
			isa = PBXFrameworksBuildPhase;
			buildActionMask = 2147483647;
			files = (
				3AD842A50C8E05551A1C803E /* libPods.a in Frameworks */,
			);
			runOnlyForDeploymentPostprocessing = 0;
		};
		F876D6FE1C85D0AD0023BF08 /* Frameworks */ = {
			isa = PBXFrameworksBuildPhase;
			buildActionMask = 2147483647;
			files = (
				A702CF801EABE2D31665F994 /* libPods.a in Frameworks */,
			);
			runOnlyForDeploymentPostprocessing = 0;
		};
/* End PBXFrameworksBuildPhase section */

/* Begin PBXGroup section */
		2C2CF1AA40F2AF22DACF8E74 /* Frameworks */ = {
			isa = PBXGroup;
			children = (
				9B1E0C205E70D35483F9C288 /* libPods.a */,
			);
			name = Frameworks;
			sourceTree = "<group>";
		};
		AAFE230720379280A9AA8CD4 /* Pods */ = {
			isa = PBXGroup;
			children = (
				ADB07C1DAA89717970502203 /* Pods.debug.xcconfig */,
				6E975F8CC31CBB846A53F135 /* Pods.release.xcconfig */,
			);
			name = Pods;
			sourceTree = "<group>";
		};
		F83016041CA28BB70052C59F /* Class */ = {
			isa = PBXGroup;
			children = (
				F85EB3261CAC658B002E9E54 /* MainViewController.h */,
				F85EB3271CAC658B002E9E54 /* MainViewController.m */,
				F85EB3281CAC658B002E9E54 /* MainViewController.xib */,
				F85EB3131CAC6440002E9E54 /* ButtonConnect */,
				F85EB32C1CAC6E45002E9E54 /* PullView */,
				F85AE7481CADC04900AE507A /* Localize */,
				F8B976271CBA460700F0C539 /* ParallaxScrolling */,
			);
			path = Class;
			sourceTree = "<group>";
		};
		F84043151CB30B260011C957 /* PDSSafeKVO_objcDemoTests */ = {
			isa = PBXGroup;
			children = (
				F84043161CB30B260011C957 /* PDSSafeKVO_objcDemoTests.m */,
				F84043181CB30B260011C957 /* Info.plist */,
				F840435D1CB30DC30011C957 /* TestPropertyObject.h */,
				F840435E1CB30DC30011C957 /* TestPropertyObject.m */,
			);
			path = PDSSafeKVO_objcDemoTests;
			sourceTree = "<group>";
		};
		F85AE7481CADC04900AE507A /* Localize */ = {
			isa = PBXGroup;
			children = (
				F85AE7491CADC05C00AE507A /* LocalizeViewController.h */,
				F85AE74A1CADC05C00AE507A /* LocalizeViewController.m */,
				F85AE74B1CADC05C00AE507A /* LocalizeViewController.xib */,
				F85AE7571CADC65C00AE507A /* Language */,
			);
			name = Localize;
			path = PDSSafeKVO_objcDemo/Class/Localize;
			sourceTree = SOURCE_ROOT;
		};
		F85AE7571CADC65C00AE507A /* Language */ = {
			isa = PBXGroup;
			children = (
				F85AE7611CADCC1500AE507A /* 多國語言 - 工作表1.csv */,
				F85AE7581CADC65C00AE507A /* LanguageCenter.h */,
				F85AE7591CADC65C00AE507A /* LanguageCenter.m */,
				F85AE7631CADD2D000AE507A /* TranslationElement.h */,
				F85AE7641CADD2D000AE507A /* TranslationElement.m */,
				F85AE75C1CADC65C00AE507A /* UILabel+Language.h */,
				F85AE75D1CADC65C00AE507A /* UILabel+Language.m */,
			);
			path = Language;
			sourceTree = "<group>";
		};
		F85EB3131CAC6440002E9E54 /* ButtonConnect */ = {
			isa = PBXGroup;
			children = (
				F85EB31B1CAC6536002E9E54 /* ButtonConnectController.h */,
				F85EB31C1CAC6536002E9E54 /* ButtonConnectController.m */,
				F85EB31D1CAC6536002E9E54 /* ButtonConnectController.xib */,
				F85EB3201CAC6542002E9E54 /* UIButton+Connect.h */,
				F85EB3211CAC6542002E9E54 /* UIButton+Connect.m */,
			);
			path = ButtonConnect;
			sourceTree = "<group>";
		};
		F85EB3231CAC657A002E9E54 /* Resource */ = {
			isa = PBXGroup;
			children = (
				F85EB3241CAC657A002E9E54 /* 20140916105724.png */,
				F8B9762D1CBA465400F0C539 /* image000.jpg */,
				F8B9762E1CBA465400F0C539 /* image001.jpg */,
			);
			path = Resource;
			sourceTree = "<group>";
		};
		F85EB32C1CAC6E45002E9E54 /* PullView */ = {
			isa = PBXGroup;
			children = (
				F85EB32D1CAC6E5D002E9E54 /* PullViewViewController.h */,
				F85EB32E1CAC6E5D002E9E54 /* PullViewViewController.m */,
				F85EB32F1CAC6E5D002E9E54 /* PullViewViewController.xib */,
			);
			path = PullView;
			sourceTree = "<group>";
		};
		F876D6F81C85D0AD0023BF08 = {
			isa = PBXGroup;
			children = (
				F876D7031C85D0AD0023BF08 /* PDSSafeKVO_objcDemo */,
				F84043151CB30B260011C957 /* PDSSafeKVO_objcDemoTests */,
				F876D7021C85D0AD0023BF08 /* Products */,
				AAFE230720379280A9AA8CD4 /* Pods */,
				2C2CF1AA40F2AF22DACF8E74 /* Frameworks */,
			);
			sourceTree = "<group>";
		};
		F876D7021C85D0AD0023BF08 /* Products */ = {
			isa = PBXGroup;
			children = (
				F876D7011C85D0AD0023BF08 /* PDSSafeKVO_objcDemo.app */,
				F84043141CB30B260011C957 /* PDSSafeKVO_objcDemoTests.xctest */,
			);
			name = Products;
			sourceTree = "<group>";
		};
		F876D7031C85D0AD0023BF08 /* PDSSafeKVO_objcDemo */ = {
			isa = PBXGroup;
			children = (
				F876D7101C85D0AD0023BF08 /* Assets.xcassets */,
				F876D7121C85D0AD0023BF08 /* LaunchScreen.storyboard */,
				F876D7071C85D0AD0023BF08 /* AppDelegate.h */,
				F876D7081C85D0AD0023BF08 /* AppDelegate.m */,
				F83016041CA28BB70052C59F /* Class */,
				F85EB3231CAC657A002E9E54 /* Resource */,
				F8B0DEBD1CA69FF300E42329 /* PDSSafeKVO_objc */,
				F876D7041C85D0AD0023BF08 /* Supporting Files */,
			);
			path = PDSSafeKVO_objcDemo;
			sourceTree = "<group>";
		};
		F876D7041C85D0AD0023BF08 /* Supporting Files */ = {
			isa = PBXGroup;
			children = (
				F876D7051C85D0AD0023BF08 /* main.m */,
				F876D7151C85D0AD0023BF08 /* Info.plist */,
				F85AE7471CAD7E8E00AE507A /* PrefixHeader.pch */,
			);
			name = "Supporting Files";
			sourceTree = "<group>";
		};
		F8B0DEBD1CA69FF300E42329 /* PDSSafeKVO_objc */ = {
			isa = PBXGroup;
			children = (
				F8B0DEC41CA69FF300E42329 /* PDSSafeKVO_objc.h */,
				F8B0DEBE1CA69FF300E42329 /* NSObject+PDSSafeKVO.h */,
				F8B0DEBF1CA69FF300E42329 /* NSObject+PDSSafeKVO.m */,
				F8B0DEC01CA69FF300E42329 /* PDSKVOOption.h */,
				F8B0DEC11CA69FF300E42329 /* PDSKVOOption.m */,
				F8B0DEC21CA69FF300E42329 /* PDSKVORecord.h */,
				F8B0DEC31CA69FF300E42329 /* PDSKVORecord.m */,
			);
			path = PDSSafeKVO_objc;
			sourceTree = SOURCE_ROOT;
		};
		F8B976271CBA460700F0C539 /* ParallaxScrolling */ = {
			isa = PBXGroup;
			children = (
				F8B976281CBA462100F0C539 /* ParallaxScrollingViewController.h */,
				F8B976291CBA462100F0C539 /* ParallaxScrollingViewController.m */,
				F8B9762A1CBA462100F0C539 /* ParallaxScrollingViewController.xib */,
				F8B976311CBA468400F0C539 /* ParallaxScrollingTableViewCell.h */,
				F8B976321CBA468400F0C539 /* ParallaxScrollingTableViewCell.m */,
				F8B976331CBA468400F0C539 /* ParallaxScrollingTableViewCell.xib */,
			);
			path = ParallaxScrolling;
			sourceTree = "<group>";
		};
/* End PBXGroup section */

/* Begin PBXNativeTarget section */
		F84043131CB30B260011C957 /* PDSSafeKVO_objcDemoTests */ = {
			isa = PBXNativeTarget;
			buildConfigurationList = F840431D1CB30B260011C957 /* Build configuration list for PBXNativeTarget "PDSSafeKVO_objcDemoTests" */;
			buildPhases = (
				5EEB7121F136AEBB22C2B5B3 /* Check Pods Manifest.lock */,
				F84043101CB30B260011C957 /* Sources */,
				F84043111CB30B260011C957 /* Frameworks */,
				F84043121CB30B260011C957 /* Resources */,
				6E20ECC01120A5546904D846 /* Embed Pods Frameworks */,
				54679F1CFA30C362D55EC32B /* Copy Pods Resources */,
			);
			buildRules = (
			);
			dependencies = (
				F840431A1CB30B260011C957 /* PBXTargetDependency */,
			);
			name = PDSSafeKVO_objcDemoTests;
			productName = PDSSafeKVO_objcDemoTests;
			productReference = F84043141CB30B260011C957 /* PDSSafeKVO_objcDemoTests.xctest */;
			productType = "com.apple.product-type.bundle.unit-test";
		};
		F876D7001C85D0AD0023BF08 /* PDSSafeKVO_objcDemo */ = {
			isa = PBXNativeTarget;
			buildConfigurationList = F876D7181C85D0AD0023BF08 /* Build configuration list for PBXNativeTarget "PDSSafeKVO_objcDemo" */;
			buildPhases = (
				DE646CDAF9A37ABB0E9D6323 /* Check Pods Manifest.lock */,
				F876D6FD1C85D0AD0023BF08 /* Sources */,
				F876D6FE1C85D0AD0023BF08 /* Frameworks */,
				F876D6FF1C85D0AD0023BF08 /* Resources */,
				9BB92A9A6F69BB7292296D9A /* Embed Pods Frameworks */,
				2AAE7326F33411EE632E5DAE /* Copy Pods Resources */,
			);
			buildRules = (
			);
			dependencies = (
			);
			name = PDSSafeKVO_objcDemo;
			productName = PDSSafeKVO_objcDemo;
			productReference = F876D7011C85D0AD0023BF08 /* PDSSafeKVO_objcDemo.app */;
			productType = "com.apple.product-type.application";
		};
/* End PBXNativeTarget section */

/* Begin PBXProject section */
		F876D6F91C85D0AD0023BF08 /* Project object */ = {
			isa = PBXProject;
			attributes = {
				LastUpgradeCheck = 0720;
				ORGANIZATIONNAME = w91379137;
				TargetAttributes = {
					F84043131CB30B260011C957 = {
						CreatedOnToolsVersion = 7.2.1;
						TestTargetID = F876D7001C85D0AD0023BF08;
					};
					F876D7001C85D0AD0023BF08 = {
						CreatedOnToolsVersion = 7.2;
					};
				};
			};
			buildConfigurationList = F876D6FC1C85D0AD0023BF08 /* Build configuration list for PBXProject "PDSSafeKVO_objcDemo" */;
			compatibilityVersion = "Xcode 3.2";
			developmentRegion = English;
			hasScannedForEncodings = 0;
			knownRegions = (
				en,
				Base,
			);
			mainGroup = F876D6F81C85D0AD0023BF08;
			productRefGroup = F876D7021C85D0AD0023BF08 /* Products */;
			projectDirPath = "";
			projectRoot = "";
			targets = (
				F876D7001C85D0AD0023BF08 /* PDSSafeKVO_objcDemo */,
				F84043131CB30B260011C957 /* PDSSafeKVO_objcDemoTests */,
			);
		};
/* End PBXProject section */

/* Begin PBXResourcesBuildPhase section */
		F84043121CB30B260011C957 /* Resources */ = {
			isa = PBXResourcesBuildPhase;
			buildActionMask = 2147483647;
			files = (
			);
			runOnlyForDeploymentPostprocessing = 0;
		};
		F876D6FF1C85D0AD0023BF08 /* Resources */ = {
			isa = PBXResourcesBuildPhase;
			buildActionMask = 2147483647;
			files = (
				F85EB31F1CAC6536002E9E54 /* ButtonConnectController.xib in Resources */,
				F876D7141C85D0AD0023BF08 /* LaunchScreen.storyboard in Resources */,
				F8B9762F1CBA465400F0C539 /* image000.jpg in Resources */,
				F85EB32A1CAC658B002E9E54 /* MainViewController.xib in Resources */,
				F8B976351CBA468400F0C539 /* ParallaxScrollingTableViewCell.xib in Resources */,
				F85AE7621CADCC1500AE507A /* 多國語言 - 工作表1.csv in Resources */,
				F876D7111C85D0AD0023BF08 /* Assets.xcassets in Resources */,
				F85AE74D1CADC05C00AE507A /* LocalizeViewController.xib in Resources */,
				F85EB3311CAC6E5D002E9E54 /* PullViewViewController.xib in Resources */,
				F8B976301CBA465400F0C539 /* image001.jpg in Resources */,
				F85EB3251CAC657A002E9E54 /* 20140916105724.png in Resources */,
				F8B9762C1CBA462100F0C539 /* ParallaxScrollingViewController.xib in Resources */,
			);
			runOnlyForDeploymentPostprocessing = 0;
		};
/* End PBXResourcesBuildPhase section */

/* Begin PBXShellScriptBuildPhase section */
		2AAE7326F33411EE632E5DAE /* Copy Pods Resources */ = {
			isa = PBXShellScriptBuildPhase;
			buildActionMask = 2147483647;
			files = (
			);
			inputPaths = (
			);
			name = "Copy Pods Resources";
			outputPaths = (
			);
			runOnlyForDeploymentPostprocessing = 0;
			shellPath = /bin/sh;
			shellScript = "\"${SRCROOT}/Pods/Target Support Files/Pods/Pods-resources.sh\"\n";
			showEnvVarsInLog = 0;
		};
		54679F1CFA30C362D55EC32B /* Copy Pods Resources */ = {
			isa = PBXShellScriptBuildPhase;
			buildActionMask = 2147483647;
			files = (
			);
			inputPaths = (
			);
			name = "Copy Pods Resources";
			outputPaths = (
			);
			runOnlyForDeploymentPostprocessing = 0;
			shellPath = /bin/sh;
			shellScript = "\"${SRCROOT}/Pods/Target Support Files/Pods/Pods-resources.sh\"\n";
			showEnvVarsInLog = 0;
		};
		5EEB7121F136AEBB22C2B5B3 /* Check Pods Manifest.lock */ = {
			isa = PBXShellScriptBuildPhase;
			buildActionMask = 2147483647;
			files = (
			);
			inputPaths = (
			);
			name = "Check Pods Manifest.lock";
			outputPaths = (
			);
			runOnlyForDeploymentPostprocessing = 0;
			shellPath = /bin/sh;
			shellScript = "diff \"${PODS_ROOT}/../Podfile.lock\" \"${PODS_ROOT}/Manifest.lock\" > /dev/null\nif [[ $? != 0 ]] ; then\n    cat << EOM\nerror: The sandbox is not in sync with the Podfile.lock. Run 'pod install' or update your CocoaPods installation.\nEOM\n    exit 1\nfi\n";
			showEnvVarsInLog = 0;
		};
		6E20ECC01120A5546904D846 /* Embed Pods Frameworks */ = {
			isa = PBXShellScriptBuildPhase;
			buildActionMask = 2147483647;
			files = (
			);
			inputPaths = (
			);
			name = "Embed Pods Frameworks";
			outputPaths = (
			);
			runOnlyForDeploymentPostprocessing = 0;
			shellPath = /bin/sh;
			shellScript = "\"${SRCROOT}/Pods/Target Support Files/Pods/Pods-frameworks.sh\"\n";
			showEnvVarsInLog = 0;
		};
		9BB92A9A6F69BB7292296D9A /* Embed Pods Frameworks */ = {
			isa = PBXShellScriptBuildPhase;
			buildActionMask = 2147483647;
			files = (
			);
			inputPaths = (
			);
			name = "Embed Pods Frameworks";
			outputPaths = (
			);
			runOnlyForDeploymentPostprocessing = 0;
			shellPath = /bin/sh;
			shellScript = "\"${SRCROOT}/Pods/Target Support Files/Pods/Pods-frameworks.sh\"\n";
			showEnvVarsInLog = 0;
		};
		DE646CDAF9A37ABB0E9D6323 /* Check Pods Manifest.lock */ = {
			isa = PBXShellScriptBuildPhase;
			buildActionMask = 2147483647;
			files = (
			);
			inputPaths = (
			);
			name = "Check Pods Manifest.lock";
			outputPaths = (
			);
			runOnlyForDeploymentPostprocessing = 0;
			shellPath = /bin/sh;
			shellScript = "diff \"${PODS_ROOT}/../Podfile.lock\" \"${PODS_ROOT}/Manifest.lock\" > /dev/null\nif [[ $? != 0 ]] ; then\n    cat << EOM\nerror: The sandbox is not in sync with the Podfile.lock. Run 'pod install' or update your CocoaPods installation.\nEOM\n    exit 1\nfi\n";
			showEnvVarsInLog = 0;
		};
/* End PBXShellScriptBuildPhase section */

/* Begin PBXSourcesBuildPhase section */
		F84043101CB30B260011C957 /* Sources */ = {
			isa = PBXSourcesBuildPhase;
			buildActionMask = 2147483647;
			files = (
				F84043171CB30B260011C957 /* PDSSafeKVO_objcDemoTests.m in Sources */,
				F840435F1CB30DC30011C957 /* TestPropertyObject.m in Sources */,
			);
			runOnlyForDeploymentPostprocessing = 0;
		};
		F876D6FD1C85D0AD0023BF08 /* Sources */ = {
			isa = PBXSourcesBuildPhase;
			buildActionMask = 2147483647;
			files = (
				F876D7091C85D0AD0023BF08 /* AppDelegate.m in Sources */,
				F85AE75E1CADC65C00AE507A /* LanguageCenter.m in Sources */,
				F8B0DEC71CA69FF300E42329 /* PDSKVORecord.m in Sources */,
				F85AE7601CADC65C00AE507A /* UILabel+Language.m in Sources */,
				F8B0DEC51CA69FF300E42329 /* NSObject+PDSSafeKVO.m in Sources */,
				F85EB3291CAC658B002E9E54 /* MainViewController.m in Sources */,
				F85EB3301CAC6E5D002E9E54 /* PullViewViewController.m in Sources */,
				F8B0DEC61CA69FF300E42329 /* PDSKVOOption.m in Sources */,
				F876D7061C85D0AD0023BF08 /* main.m in Sources */,
				F85EB31E1CAC6536002E9E54 /* ButtonConnectController.m in Sources */,
				F85EB3221CAC6542002E9E54 /* UIButton+Connect.m in Sources */,
				F85AE7651CADD2D000AE507A /* TranslationElement.m in Sources */,
				F8B9762B1CBA462100F0C539 /* ParallaxScrollingViewController.m in Sources */,
				F8B976341CBA468400F0C539 /* ParallaxScrollingTableViewCell.m in Sources */,
				F85AE74C1CADC05C00AE507A /* LocalizeViewController.m in Sources */,
			);
			runOnlyForDeploymentPostprocessing = 0;
		};
/* End PBXSourcesBuildPhase section */

/* Begin PBXTargetDependency section */
		F840431A1CB30B260011C957 /* PBXTargetDependency */ = {
			isa = PBXTargetDependency;
			target = F876D7001C85D0AD0023BF08 /* PDSSafeKVO_objcDemo */;
			targetProxy = F84043191CB30B260011C957 /* PBXContainerItemProxy */;
		};
/* End PBXTargetDependency section */

/* Begin PBXVariantGroup section */
		F876D7121C85D0AD0023BF08 /* LaunchScreen.storyboard */ = {
			isa = PBXVariantGroup;
			children = (
				F876D7131C85D0AD0023BF08 /* Base */,
			);
			name = LaunchScreen.storyboard;
			sourceTree = "<group>";
		};
/* End PBXVariantGroup section */

/* Begin XCBuildConfiguration section */
		F840431B1CB30B260011C957 /* Debug */ = {
			isa = XCBuildConfiguration;
			baseConfigurationReference = ADB07C1DAA89717970502203 /* Pods.debug.xcconfig */;
			buildSettings = {
				BUNDLE_LOADER = "$(TEST_HOST)";
				INFOPLIST_FILE = PDSSafeKVO_objcDemoTests/Info.plist;
				LD_RUNPATH_SEARCH_PATHS = "$(inherited) @executable_path/Frameworks @loader_path/Frameworks";
				PRODUCT_BUNDLE_IDENTIFIER = "com.a.PDSSafeKVO-objcDemoTests";
				PRODUCT_NAME = "$(TARGET_NAME)";
				TEST_HOST = "$(BUILT_PRODUCTS_DIR)/PDSSafeKVO_objcDemo.app/PDSSafeKVO_objcDemo";
			};
			name = Debug;
		};
		F840431C1CB30B260011C957 /* Release */ = {
			isa = XCBuildConfiguration;
			baseConfigurationReference = 6E975F8CC31CBB846A53F135 /* Pods.release.xcconfig */;
			buildSettings = {
				BUNDLE_LOADER = "$(TEST_HOST)";
				INFOPLIST_FILE = PDSSafeKVO_objcDemoTests/Info.plist;
				LD_RUNPATH_SEARCH_PATHS = "$(inherited) @executable_path/Frameworks @loader_path/Frameworks";
				PRODUCT_BUNDLE_IDENTIFIER = "com.a.PDSSafeKVO-objcDemoTests";
				PRODUCT_NAME = "$(TARGET_NAME)";
				TEST_HOST = "$(BUILT_PRODUCTS_DIR)/PDSSafeKVO_objcDemo.app/PDSSafeKVO_objcDemo";
			};
			name = Release;
		};
		F876D7161C85D0AD0023BF08 /* Debug */ = {
			isa = XCBuildConfiguration;
			buildSettings = {
				ALWAYS_SEARCH_USER_PATHS = NO;
				CLANG_CXX_LANGUAGE_STANDARD = "gnu++0x";
				CLANG_CXX_LIBRARY = "libc++";
				CLANG_ENABLE_MODULES = YES;
				CLANG_ENABLE_OBJC_ARC = YES;
				CLANG_WARN_BOOL_CONVERSION = YES;
				CLANG_WARN_CONSTANT_CONVERSION = YES;
				CLANG_WARN_DIRECT_OBJC_ISA_USAGE = YES_ERROR;
				CLANG_WARN_EMPTY_BODY = YES;
				CLANG_WARN_ENUM_CONVERSION = YES;
				CLANG_WARN_INT_CONVERSION = YES;
				CLANG_WARN_OBJC_ROOT_CLASS = YES_ERROR;
				CLANG_WARN_UNREACHABLE_CODE = YES;
				CLANG_WARN__DUPLICATE_METHOD_MATCH = YES;
				"CODE_SIGN_IDENTITY[sdk=iphoneos*]" = "iPhone Developer";
				COPY_PHASE_STRIP = NO;
				DEBUG_INFORMATION_FORMAT = dwarf;
				ENABLE_STRICT_OBJC_MSGSEND = YES;
				ENABLE_TESTABILITY = YES;
				GCC_C_LANGUAGE_STANDARD = gnu99;
				GCC_DYNAMIC_NO_PIC = NO;
				GCC_NO_COMMON_BLOCKS = YES;
				GCC_OPTIMIZATION_LEVEL = 0;
				GCC_PREPROCESSOR_DEFINITIONS = (
					"DEBUG=1",
					"$(inherited)",
				);
				GCC_WARN_64_TO_32_BIT_CONVERSION = YES;
				GCC_WARN_ABOUT_RETURN_TYPE = YES_ERROR;
				GCC_WARN_UNDECLARED_SELECTOR = YES;
				GCC_WARN_UNINITIALIZED_AUTOS = YES_AGGRESSIVE;
				GCC_WARN_UNUSED_FUNCTION = YES;
				GCC_WARN_UNUSED_VARIABLE = YES;
				IPHONEOS_DEPLOYMENT_TARGET = 9.2;
				MTL_ENABLE_DEBUG_INFO = YES;
				ONLY_ACTIVE_ARCH = YES;
				SDKROOT = iphoneos;
			};
			name = Debug;
		};
		F876D7171C85D0AD0023BF08 /* Release */ = {
			isa = XCBuildConfiguration;
			buildSettings = {
				ALWAYS_SEARCH_USER_PATHS = NO;
				CLANG_CXX_LANGUAGE_STANDARD = "gnu++0x";
				CLANG_CXX_LIBRARY = "libc++";
				CLANG_ENABLE_MODULES = YES;
				CLANG_ENABLE_OBJC_ARC = YES;
				CLANG_WARN_BOOL_CONVERSION = YES;
				CLANG_WARN_CONSTANT_CONVERSION = YES;
				CLANG_WARN_DIRECT_OBJC_ISA_USAGE = YES_ERROR;
				CLANG_WARN_EMPTY_BODY = YES;
				CLANG_WARN_ENUM_CONVERSION = YES;
				CLANG_WARN_INT_CONVERSION = YES;
				CLANG_WARN_OBJC_ROOT_CLASS = YES_ERROR;
				CLANG_WARN_UNREACHABLE_CODE = YES;
				CLANG_WARN__DUPLICATE_METHOD_MATCH = YES;
				"CODE_SIGN_IDENTITY[sdk=iphoneos*]" = "iPhone Developer";
				COPY_PHASE_STRIP = NO;
				DEBUG_INFORMATION_FORMAT = "dwarf-with-dsym";
				ENABLE_NS_ASSERTIONS = NO;
				ENABLE_STRICT_OBJC_MSGSEND = YES;
				GCC_C_LANGUAGE_STANDARD = gnu99;
				GCC_NO_COMMON_BLOCKS = YES;
				GCC_WARN_64_TO_32_BIT_CONVERSION = YES;
				GCC_WARN_ABOUT_RETURN_TYPE = YES_ERROR;
				GCC_WARN_UNDECLARED_SELECTOR = YES;
				GCC_WARN_UNINITIALIZED_AUTOS = YES_AGGRESSIVE;
				GCC_WARN_UNUSED_FUNCTION = YES;
				GCC_WARN_UNUSED_VARIABLE = YES;
				IPHONEOS_DEPLOYMENT_TARGET = 9.2;
				MTL_ENABLE_DEBUG_INFO = NO;
				SDKROOT = iphoneos;
				VALIDATE_PRODUCT = YES;
			};
			name = Release;
		};
		F876D7191C85D0AD0023BF08 /* Debug */ = {
			isa = XCBuildConfiguration;
			baseConfigurationReference = ADB07C1DAA89717970502203 /* Pods.debug.xcconfig */;
			buildSettings = {
				ASSETCATALOG_COMPILER_APPICON_NAME = AppIcon;
				GCC_PRECOMPILE_PREFIX_HEADER = YES;
				GCC_PREFIX_HEADER = "$(PROJECT_DIR)/PDSSafeKVO_objcDemo/PrefixHeader.pch";
				INFOPLIST_FILE = PDSSafeKVO_objcDemo/Info.plist;
				LD_RUNPATH_SEARCH_PATHS = "$(inherited) @executable_path/Frameworks";
				PRODUCT_BUNDLE_IDENTIFIER = "com.a.PDSSafeKVO-objcDemo";
				PRODUCT_NAME = "$(TARGET_NAME)";
			};
			name = Debug;
		};
		F876D71A1C85D0AD0023BF08 /* Release */ = {
			isa = XCBuildConfiguration;
			baseConfigurationReference = 6E975F8CC31CBB846A53F135 /* Pods.release.xcconfig */;
			buildSettings = {
				ASSETCATALOG_COMPILER_APPICON_NAME = AppIcon;
				GCC_PRECOMPILE_PREFIX_HEADER = YES;
				GCC_PREFIX_HEADER = "$(PROJECT_DIR)/PDSSafeKVO_objcDemo/PrefixHeader.pch";
				INFOPLIST_FILE = PDSSafeKVO_objcDemo/Info.plist;
				LD_RUNPATH_SEARCH_PATHS = "$(inherited) @executable_path/Frameworks";
				PRODUCT_BUNDLE_IDENTIFIER = "com.a.PDSSafeKVO-objcDemo";
				PRODUCT_NAME = "$(TARGET_NAME)";
			};
			name = Release;
		};
/* End XCBuildConfiguration section */

/* Begin XCConfigurationList section */
		F840431D1CB30B260011C957 /* Build configuration list for PBXNativeTarget "PDSSafeKVO_objcDemoTests" */ = {
			isa = XCConfigurationList;
			buildConfigurations = (
				F840431B1CB30B260011C957 /* Debug */,
				F840431C1CB30B260011C957 /* Release */,
			);
			defaultConfigurationIsVisible = 0;
			defaultConfigurationName = Release;
		};
		F876D6FC1C85D0AD0023BF08 /* Build configuration list for PBXProject "PDSSafeKVO_objcDemo" */ = {
			isa = XCConfigurationList;
			buildConfigurations = (
				F876D7161C85D0AD0023BF08 /* Debug */,
				F876D7171C85D0AD0023BF08 /* Release */,
			);
			defaultConfigurationIsVisible = 0;
			defaultConfigurationName = Release;
		};
		F876D7181C85D0AD0023BF08 /* Build configuration list for PBXNativeTarget "PDSSafeKVO_objcDemo" */ = {
			isa = XCConfigurationList;
			buildConfigurations = (
				F876D7191C85D0AD0023BF08 /* Debug */,
				F876D71A1C85D0AD0023BF08 /* Release */,
			);
			defaultConfigurationIsVisible = 0;
			defaultConfigurationName = Release;
		};
/* End XCConfigurationList section */
	};
	rootObject = F876D6F91C85D0AD0023BF08 /* Project object */;
}
